
Microsoft Visual Studio Solution File, Format Version 12.00
# Visual Studio Version 16
VisualStudioVersion = 16.0.31129.286
MinimumVisualStudioVersion = 10.0.40219.1
Project("{FAE04EC0-301F-11D3-BF4B-00C04F79EFBC}") = "TourFirm", "TourFirm\TourFirm.csproj", "{499EDBE5-0228-42B2-B423-A8587C9FEEA1}"
EndProject
Global
	GlobalSection(SolutionConfigurationPlatforms) = preSolution
		Debug|Any CPU = Debug|Any CPU
		Release|Any CPU = Release|Any CPU
	EndGlobalSection
	GlobalSection(ProjectConfigurationPlatforms) = postSolution
		{499EDBE5-0228-42B2-B423-A8587C9FEEA1}.Debug|Any CPU.ActiveCfg = Debug|Any CPU
		{499EDBE5-0228-42B2-B423-A8587C9FEEA1}.Debug|Any CPU.Build.0 = Debug|Any CPU
		{499EDBE5-0228-42B2-B423-A8587C9FEEA1}.Release|Any CPU.ActiveCfg = Release|Any CPU
		{499EDBE5-0228-42B2-B423-A8587C9FEEA1}.Release|Any CPU.Build.0 = Release|Any CPU
	EndGlobalSection
	GlobalSection(SolutionProperties) = preSolution
		HideSolutionNode = FALSE
	EndGlobalSection
	GlobalSection(ExtensibilityGlobals) = postSolution
		SolutionGuid = {ECF0E3E0-4B82-495B-B71B-63982AAB83AF}
	EndGlobalSection
EndGlobal
